
Microsoft Visual Studio Solution File, Format Version 12.00
# Visual Studio 15
VisualStudioVersion = 15.0.26430.16
MinimumVisualStudioVersion = 10.0.40219.1
Project("{FAE04EC0-301F-11D3-BF4B-00C04F79EFBC}") = "XrnCourse.BucketList.Android", "XrnCourse.BucketList\XrnCourse.BucketList.Android\XrnCourse.BucketList.Android.csproj", "{B5F9F2FE-3E13-4BC1-81FA-8CEF8EA3C07E}"
EndProject
Project("{FAE04EC0-301F-11D3-BF4B-00C04F79EFBC}") = "XrnCourse.BucketList", "XrnCourse.BucketList\XrnCourse.BucketList\XrnCourse.BucketList.csproj", "{BA62F35B-58DF-41B9-BF5C-896F6D6E78BF}"
EndProject
Project("{FAE04EC0-301F-11D3-BF4B-00C04F79EFBC}") = "XrnCourse.BucketList.UWP", "XrnCourse.BucketList\XrnCourse.BucketList.UWP\XrnCourse.BucketList.UWP.csproj", "{FB2F01EC-22EC-4A48-A338-825963E3314C}"
EndProject
Project("{FAE04EC0-301F-11D3-BF4B-00C04F79EFBC}") = "XrnCourse.BucketList.iOS", "XrnCourse.BucketList\XrnCourse.BucketList.iOS\XrnCourse.BucketList.iOS.csproj", "{DFD42058-C766-406C-AD7B-190328DDBFAF}"
EndProject
Global
	GlobalSection(SolutionConfigurationPlatforms) = preSolution
		Ad-Hoc|Any CPU = Ad-Hoc|Any CPU
		Ad-Hoc|ARM = Ad-Hoc|ARM
		Ad-Hoc|iPhone = Ad-Hoc|iPhone
		Ad-Hoc|iPhoneSimulator = Ad-Hoc|iPhoneSimulator
		Ad-Hoc|x64 = Ad-Hoc|x64
		Ad-Hoc|x86 = Ad-Hoc|x86
		AppStore|Any CPU = AppStore|Any CPU
		AppStore|ARM = AppStore|ARM
		AppStore|iPhone = AppStore|iPhone
		AppStore|iPhoneSimulator = AppStore|iPhoneSimulator
		AppStore|x64 = AppStore|x64
		AppStore|x86 = AppStore|x86
		Debug|Any CPU = Debug|Any CPU
		Debug|ARM = Debug|ARM
		Debug|iPhone = Debug|iPhone
		Debug|iPhoneSimulator = Debug|iPhoneSimulator
		Debug|x64 = Debug|x64
		Debug|x86 = Debug|x86
		Release|Any CPU = Release|Any CPU
		Release|ARM = Release|ARM
		Release|iPhone = Release|iPhone
		Release|iPhoneSimulator = Release|iPhoneSimulator
		Release|x64 = Release|x64
		Release|x86 = Release|x86
	EndGlobalSection
	GlobalSection(ProjectConfigurationPlatforms) = postSolution
		{B5F9F2FE-3E13-4BC1-81FA-8CEF8EA3C07E}.Ad-Hoc|Any CPU.ActiveCfg = Release|Any CPU
		{B5F9F2FE-3E13-4BC1-81FA-8CEF8EA3C07E}.Ad-Hoc|Any CPU.Build.0 = Release|Any CPU
		{B5F9F2FE-3E13-4BC1-81FA-8CEF8EA3C07E}.Ad-Hoc|Any CPU.Deploy.0 = Release|Any CPU
		{B5F9F2FE-3E13-4BC1-81FA-8CEF8EA3C07E}.Ad-Hoc|ARM.ActiveCfg = Release|Any CPU
		{B5F9F2FE-3E13-4BC1-81FA-8CEF8EA3C07E}.Ad-Hoc|ARM.Build.0 = Release|Any CPU
		{B5F9F2FE-3E13-4BC1-81FA-8CEF8EA3C07E}.Ad-Hoc|ARM.Deploy.0 = Release|Any CPU
		{B5F9F2FE-3E13-4BC1-81FA-8CEF8EA3C07E}.Ad-Hoc|iPhone.ActiveCfg = Release|Any CPU
		{B5F9F2FE-3E13-4BC1-81FA-8CEF8EA3C07E}.Ad-Hoc|iPhone.Build.0 = Release|Any CPU
		{B5F9F2FE-3E13-4BC1-81FA-8CEF8EA3C07E}.Ad-Hoc|iPhone.Deploy.0 = Release|Any CPU
		{B5F9F2FE-3E13-4BC1-81FA-8CEF8EA3C07E}.Ad-Hoc|iPhoneSimulator.ActiveCfg = Release|Any CPU
		{B5F9F2FE-3E13-4BC1-81FA-8CEF8EA3C07E}.Ad-Hoc|iPhoneSimulator.Build.0 = Release|Any CPU
		{B5F9F2FE-3E13-4BC1-81FA-8CEF8EA3C07E}.Ad-Hoc|iPhoneSimulator.Deploy.0 = Release|Any CPU
		{B5F9F2FE-3E13-4BC1-81FA-8CEF8EA3C07E}.Ad-Hoc|x64.ActiveCfg = Release|Any CPU
		{B5F9F2FE-3E13-4BC1-81FA-8CEF8EA3C07E}.Ad-Hoc|x64.Build.0 = Release|Any CPU
		{B5F9F2FE-3E13-4BC1-81FA-8CEF8EA3C07E}.Ad-Hoc|x64.Deploy.0 = Release|Any CPU
		{B5F9F2FE-3E13-4BC1-81FA-8CEF8EA3C07E}.Ad-Hoc|x86.ActiveCfg = Release|Any CPU
		{B5F9F2FE-3E13-4BC1-81FA-8CEF8EA3C07E}.Ad-Hoc|x86.Build.0 = Release|Any CPU
		{B5F9F2FE-3E13-4BC1-81FA-8CEF8EA3C07E}.Ad-Hoc|x86.Deploy.0 = Release|Any CPU
		{B5F9F2FE-3E13-4BC1-81FA-8CEF8EA3C07E}.AppStore|Any CPU.ActiveCfg = Release|Any CPU
		{B5F9F2FE-3E13-4BC1-81FA-8CEF8EA3C07E}.AppStore|Any CPU.Build.0 = Release|Any CPU
		{B5F9F2FE-3E13-4BC1-81FA-8CEF8EA3C07E}.AppStore|Any CPU.Deploy.0 = Release|Any CPU
		{B5F9F2FE-3E13-4BC1-81FA-8CEF8EA3C07E}.AppStore|ARM.ActiveCfg = Release|Any CPU
		{B5F9F2FE-3E13-4BC1-81FA-8CEF8EA3C07E}.AppStore|ARM.Build.0 = Release|Any CPU
		{B5F9F2FE-3E13-4BC1-81FA-8CEF8EA3C07E}.AppStore|ARM.Deploy.0 = Release|Any CPU
		{B5F9F2FE-3E13-4BC1-81FA-8CEF8EA3C07E}.AppStore|iPhone.ActiveCfg = Release|Any CPU
		{B5F9F2FE-3E13-4BC1-81FA-8CEF8EA3C07E}.AppStore|iPhone.Build.0 = Release|Any CPU
		{B5F9F2FE-3E13-4BC1-81FA-8CEF8EA3C07E}.AppStore|iPhone.Deploy.0 = Release|Any CPU
		{B5F9F2FE-3E13-4BC1-81FA-8CEF8EA3C07E}.AppStore|iPhoneSimulator.ActiveCfg = Release|Any CPU
		{B5F9F2FE-3E13-4BC1-81FA-8CEF8EA3C07E}.AppStore|iPhoneSimulator.Build.0 = Release|Any CPU
		{B5F9F2FE-3E13-4BC1-81FA-8CEF8EA3C07E}.AppStore|iPhoneSimulator.Deploy.0 = Release|Any CPU
		{B5F9F2FE-3E13-4BC1-81FA-8CEF8EA3C07E}.AppStore|x64.ActiveCfg = Release|Any CPU
		{B5F9F2FE-3E13-4BC1-81FA-8CEF8EA3C07E}.AppStore|x64.Build.0 = Release|Any CPU
		{B5F9F2FE-3E13-4BC1-81FA-8CEF8EA3C07E}.AppStore|x64.Deploy.0 = Release|Any CPU
		{B5F9F2FE-3E13-4BC1-81FA-8CEF8EA3C07E}.AppStore|x86.ActiveCfg = Release|Any CPU
		{B5F9F2FE-3E13-4BC1-81FA-8CEF8EA3C07E}.AppStore|x86.Build.0 = Release|Any CPU
		{B5F9F2FE-3E13-4BC1-81FA-8CEF8EA3C07E}.AppStore|x86.Deploy.0 = Release|Any CPU
		{B5F9F2FE-3E13-4BC1-81FA-8CEF8EA3C07E}.Debug|Any CPU.ActiveCfg = Debug|Any CPU
		{B5F9F2FE-3E13-4BC1-81FA-8CEF8EA3C07E}.Debug|Any CPU.Build.0 = Debug|Any CPU
		{B5F9F2FE-3E13-4BC1-81FA-8CEF8EA3C07E}.Debug|Any CPU.Deploy.0 = Debug|Any CPU
		{B5F9F2FE-3E13-4BC1-81FA-8CEF8EA3C07E}.Debug|ARM.ActiveCfg = Debug|Any CPU
		{B5F9F2FE-3E13-4BC1-81FA-8CEF8EA3C07E}.Debug|ARM.Build.0 = Debug|Any CPU
		{B5F9F2FE-3E13-4BC1-81FA-8CEF8EA3C07E}.Debug|ARM.Deploy.0 = Debug|Any CPU
		{B5F9F2FE-3E13-4BC1-81FA-8CEF8EA3C07E}.Debug|iPhone.ActiveCfg = Debug|Any CPU
		{B5F9F2FE-3E13-4BC1-81FA-8CEF8EA3C07E}.Debug|iPhone.Build.0 = Debug|Any CPU
		{B5F9F2FE-3E13-4BC1-81FA-8CEF8EA3C07E}.Debug|iPhone.Deploy.0 = Debug|Any CPU
		{B5F9F2FE-3E13-4BC1-81FA-8CEF8EA3C07E}.Debug|iPhoneSimulator.ActiveCfg = Debug|Any CPU
		{B5F9F2FE-3E13-4BC1-81FA-8CEF8EA3C07E}.Debug|iPhoneSimulator.Build.0 = Debug|Any CPU
		{B5F9F2FE-3E13-4BC1-81FA-8CEF8EA3C07E}.Debug|iPhoneSimulator.Deploy.0 = Debug|Any CPU
		{B5F9F2FE-3E13-4BC1-81FA-8CEF8EA3C07E}.Debug|x64.ActiveCfg = Debug|Any CPU
		{B5F9F2FE-3E13-4BC1-81FA-8CEF8EA3C07E}.Debug|x64.Build.0 = Debug|Any CPU
		{B5F9F2FE-3E13-4BC1-81FA-8CEF8EA3C07E}.Debug|x64.Deploy.0 = Debug|Any CPU
		{B5F9F2FE-3E13-4BC1-81FA-8CEF8EA3C07E}.Debug|x86.ActiveCfg = Debug|Any CPU
		{B5F9F2FE-3E13-4BC1-81FA-8CEF8EA3C07E}.Debug|x86.Build.0 = Debug|Any CPU
		{B5F9F2FE-3E13-4BC1-81FA-8CEF8EA3C07E}.Debug|x86.Deploy.0 = Debug|Any CPU
		{B5F9F2FE-3E13-4BC1-81FA-8CEF8EA3C07E}.Release|Any CPU.ActiveCfg = Release|Any CPU
		{B5F9F2FE-3E13-4BC1-81FA-8CEF8EA3C07E}.Release|Any CPU.Build.0 = Release|Any CPU
		{B5F9F2FE-3E13-4BC1-81FA-8CEF8EA3C07E}.Release|Any CPU.Deploy.0 = Release|Any CPU
		{B5F9F2FE-3E13-4BC1-81FA-8CEF8EA3C07E}.Release|ARM.ActiveCfg = Release|Any CPU
		{B5F9F2FE-3E13-4BC1-81FA-8CEF8EA3C07E}.Release|ARM.Build.0 = Release|Any CPU
		{B5F9F2FE-3E13-4BC1-81FA-8CEF8EA3C07E}.Release|ARM.Deploy.0 = Release|Any CPU
		{B5F9F2FE-3E13-4BC1-81FA-8CEF8EA3C07E}.Release|iPhone.ActiveCfg = Release|Any CPU
		{B5F9F2FE-3E13-4BC1-81FA-8CEF8EA3C07E}.Release|iPhone.Build.0 = Release|Any CPU
		{B5F9F2FE-3E13-4BC1-81FA-8CEF8EA3C07E}.Release|iPhone.Deploy.0 = Release|Any CPU
		{B5F9F2FE-3E13-4BC1-81FA-8CEF8EA3C07E}.Release|iPhoneSimulator.ActiveCfg = Release|Any CPU
		{B5F9F2FE-3E13-4BC1-81FA-8CEF8EA3C07E}.Release|iPhoneSimulator.Build.0 = Release|Any CPU
		{B5F9F2FE-3E13-4BC1-81FA-8CEF8EA3C07E}.Release|iPhoneSimulator.Deploy.0 = Release|Any CPU
		{B5F9F2FE-3E13-4BC1-81FA-8CEF8EA3C07E}.Release|x64.ActiveCfg = Release|Any CPU
		{B5F9F2FE-3E13-4BC1-81FA-8CEF8EA3C07E}.Release|x64.Build.0 = Release|Any CPU
		{B5F9F2FE-3E13-4BC1-81FA-8CEF8EA3C07E}.Release|x64.Deploy.0 = Release|Any CPU
		{B5F9F2FE-3E13-4BC1-81FA-8CEF8EA3C07E}.Release|x86.ActiveCfg = Release|Any CPU
		{B5F9F2FE-3E13-4BC1-81FA-8CEF8EA3C07E}.Release|x86.Build.0 = Release|Any CPU
		{B5F9F2FE-3E13-4BC1-81FA-8CEF8EA3C07E}.Release|x86.Deploy.0 = Release|Any CPU
		{BA62F35B-58DF-41B9-BF5C-896F6D6E78BF}.Ad-Hoc|Any CPU.ActiveCfg = Release|Any CPU
		{BA62F35B-58DF-41B9-BF5C-896F6D6E78BF}.Ad-Hoc|Any CPU.Build.0 = Release|Any CPU
		{BA62F35B-58DF-41B9-BF5C-896F6D6E78BF}.Ad-Hoc|ARM.ActiveCfg = Release|Any CPU
		{BA62F35B-58DF-41B9-BF5C-896F6D6E78BF}.Ad-Hoc|ARM.Build.0 = Release|Any CPU
		{BA62F35B-58DF-41B9-BF5C-896F6D6E78BF}.Ad-Hoc|iPhone.ActiveCfg = Release|Any CPU
		{BA62F35B-58DF-41B9-BF5C-896F6D6E78BF}.Ad-Hoc|iPhone.Build.0 = Release|Any CPU
		{BA62F35B-58DF-41B9-BF5C-896F6D6E78BF}.Ad-Hoc|iPhoneSimulator.ActiveCfg = Release|Any CPU
		{BA62F35B-58DF-41B9-BF5C-896F6D6E78BF}.Ad-Hoc|iPhoneSimulator.Build.0 = Release|Any CPU
		{BA62F35B-58DF-41B9-BF5C-896F6D6E78BF}.Ad-Hoc|x64.ActiveCfg = Release|Any CPU
		{BA62F35B-58DF-41B9-BF5C-896F6D6E78BF}.Ad-Hoc|x64.Build.0 = Release|Any CPU
		{BA62F35B-58DF-41B9-BF5C-896F6D6E78BF}.Ad-Hoc|x86.ActiveCfg = Release|Any CPU
		{BA62F35B-58DF-41B9-BF5C-896F6D6E78BF}.Ad-Hoc|x86.Build.0 = Release|Any CPU
		{BA62F35B-58DF-41B9-BF5C-896F6D6E78BF}.AppStore|Any CPU.ActiveCfg = Release|Any CPU
		{BA62F35B-58DF-41B9-BF5C-896F6D6E78BF}.AppStore|Any CPU.Build.0 = Release|Any CPU
		{BA62F35B-58DF-41B9-BF5C-896F6D6E78BF}.AppStore|ARM.ActiveCfg = Release|Any CPU
		{BA62F35B-58DF-41B9-BF5C-896F6D6E78BF}.AppStore|ARM.Build.0 = Release|Any CPU
		{BA62F35B-58DF-41B9-BF5C-896F6D6E78BF}.AppStore|iPhone.ActiveCfg = Release|Any CPU
		{BA62F35B-58DF-41B9-BF5C-896F6D6E78BF}.AppStore|iPhone.Build.0 = Release|Any CPU
		{BA62F35B-58DF-41B9-BF5C-896F6D6E78BF}.AppStore|iPhoneSimulator.ActiveCfg = Release|Any CPU
		{BA62F35B-58DF-41B9-BF5C-896F6D6E78BF}.AppStore|iPhoneSimulator.Build.0 = Release|Any CPU
		{BA62F35B-58DF-41B9-BF5C-896F6D6E78BF}.AppStore|x64.ActiveCfg = Release|Any CPU
		{BA62F35B-58DF-41B9-BF5C-896F6D6E78BF}.AppStore|x64.Build.0 = Release|Any CPU
		{BA62F35B-58DF-41B9-BF5C-896F6D6E78BF}.AppStore|x86.ActiveCfg = Release|Any CPU
		{BA62F35B-58DF-41B9-BF5C-896F6D6E78BF}.AppStore|x86.Build.0 = Release|Any CPU
		{BA62F35B-58DF-41B9-BF5C-896F6D6E78BF}.Debug|Any CPU.ActiveCfg = Debug|Any CPU
		{BA62F35B-58DF-41B9-BF5C-896F6D6E78BF}.Debug|Any CPU.Build.0 = Debug|Any CPU
		{BA62F35B-58DF-41B9-BF5C-896F6D6E78BF}.Debug|ARM.ActiveCfg = Debug|Any CPU
		{BA62F35B-58DF-41B9-BF5C-896F6D6E78BF}.Debug|ARM.Build.0 = Debug|Any CPU
		{BA62F35B-58DF-41B9-BF5C-896F6D6E78BF}.Debug|iPhone.ActiveCfg = Debug|Any CPU
		{BA62F35B-58DF-41B9-BF5C-896F6D6E78BF}.Debug|iPhone.Build.0 = Debug|Any CPU
		{BA62F35B-58DF-41B9-BF5C-896F6D6E78BF}.Debug|iPhoneSimulator.ActiveCfg = Debug|Any CPU
		{BA62F35B-58DF-41B9-BF5C-896F6D6E78BF}.Debug|iPhoneSimulator.Build.0 = Debug|Any CPU
		{BA62F35B-58DF-41B9-BF5C-896F6D6E78BF}.Debug|x64.ActiveCfg = Debug|Any CPU
		{BA62F35B-58DF-41B9-BF5C-896F6D6E78BF}.Debug|x64.Build.0 = Debug|Any CPU
		{BA62F35B-58DF-41B9-BF5C-896F6D6E78BF}.Debug|x86.ActiveCfg = Debug|Any CPU
		{BA62F35B-58DF-41B9-BF5C-896F6D6E78BF}.Debug|x86.Build.0 = Debug|Any CPU
		{BA62F35B-58DF-41B9-BF5C-896F6D6E78BF}.Release|Any CPU.ActiveCfg = Release|Any CPU
		{BA62F35B-58DF-41B9-BF5C-896F6D6E78BF}.Release|Any CPU.Build.0 = Release|Any CPU
		{BA62F35B-58DF-41B9-BF5C-896F6D6E78BF}.Release|ARM.ActiveCfg = Release|Any CPU
		{BA62F35B-58DF-41B9-BF5C-896F6D6E78BF}.Release|ARM.Build.0 = Release|Any CPU
		{BA62F35B-58DF-41B9-BF5C-896F6D6E78BF}.Release|iPhone.ActiveCfg = Release|Any CPU
		{BA62F35B-58DF-41B9-BF5C-896F6D6E78BF}.Release|iPhone.Build.0 = Release|Any CPU
		{BA62F35B-58DF-41B9-BF5C-896F6D6E78BF}.Release|iPhoneSimulator.ActiveCfg = Release|Any CPU
		{BA62F35B-58DF-41B9-BF5C-896F6D6E78BF}.Release|iPhoneSimulator.Build.0 = Release|Any CPU
		{BA62F35B-58DF-41B9-BF5C-896F6D6E78BF}.Release|x64.ActiveCfg = Release|Any CPU
		{BA62F35B-58DF-41B9-BF5C-896F6D6E78BF}.Release|x64.Build.0 = Release|Any CPU
		{BA62F35B-58DF-41B9-BF5C-896F6D6E78BF}.Release|x86.ActiveCfg = Release|Any CPU
		{BA62F35B-58DF-41B9-BF5C-896F6D6E78BF}.Release|x86.Build.0 = Release|Any CPU
		{FB2F01EC-22EC-4A48-A338-825963E3314C}.Ad-Hoc|Any CPU.ActiveCfg = Release|x86
		{FB2F01EC-22EC-4A48-A338-825963E3314C}.Ad-Hoc|Any CPU.Build.0 = Release|x86
		{FB2F01EC-22EC-4A48-A338-825963E3314C}.Ad-Hoc|Any CPU.Deploy.0 = Release|x86
		{FB2F01EC-22EC-4A48-A338-825963E3314C}.Ad-Hoc|ARM.ActiveCfg = Release|ARM
		{FB2F01EC-22EC-4A48-A338-825963E3314C}.Ad-Hoc|ARM.Build.0 = Release|ARM
		{FB2F01EC-22EC-4A48-A338-825963E3314C}.Ad-Hoc|ARM.Deploy.0 = Release|ARM
		{FB2F01EC-22EC-4A48-A338-825963E3314C}.Ad-Hoc|iPhone.ActiveCfg = Release|x86
		{FB2F01EC-22EC-4A48-A338-825963E3314C}.Ad-Hoc|iPhone.Build.0 = Release|x86
		{FB2F01EC-22EC-4A48-A338-825963E3314C}.Ad-Hoc|iPhone.Deploy.0 = Release|x86
		{FB2F01EC-22EC-4A48-A338-825963E3314C}.Ad-Hoc|iPhoneSimulator.ActiveCfg = Release|x86
		{FB2F01EC-22EC-4A48-A338-825963E3314C}.Ad-Hoc|iPhoneSimulator.Build.0 = Release|x86
		{FB2F01EC-22EC-4A48-A338-825963E3314C}.Ad-Hoc|iPhoneSimulator.Deploy.0 = Release|x86
		{FB2F01EC-22EC-4A48-A338-825963E3314C}.Ad-Hoc|x64.ActiveCfg = Release|x64
		{FB2F01EC-22EC-4A48-A338-825963E3314C}.Ad-Hoc|x64.Build.0 = Release|x64
		{FB2F01EC-22EC-4A48-A338-825963E3314C}.Ad-Hoc|x64.Deploy.0 = Release|x64
		{FB2F01EC-22EC-4A48-A338-825963E3314C}.Ad-Hoc|x86.ActiveCfg = Release|x86
		{FB2F01EC-22EC-4A48-A338-825963E3314C}.Ad-Hoc|x86.Build.0 = Release|x86
		{FB2F01EC-22EC-4A48-A338-825963E3314C}.Ad-Hoc|x86.Deploy.0 = Release|x86
		{FB2F01EC-22EC-4A48-A338-825963E3314C}.AppStore|Any CPU.ActiveCfg = Release|x86
		{FB2F01EC-22EC-4A48-A338-825963E3314C}.AppStore|Any CPU.Build.0 = Release|x86
		{FB2F01EC-22EC-4A48-A338-825963E3314C}.AppStore|Any CPU.Deploy.0 = Release|x86
		{FB2F01EC-22EC-4A48-A338-825963E3314C}.AppStore|ARM.ActiveCfg = Release|ARM
		{FB2F01EC-22EC-4A48-A338-825963E3314C}.AppStore|ARM.Build.0 = Release|ARM
		{FB2F01EC-22EC-4A48-A338-825963E3314C}.AppStore|ARM.Deploy.0 = Release|ARM
		{FB2F01EC-22EC-4A48-A338-825963E3314C}.AppStore|iPhone.ActiveCfg = Release|x86
		{FB2F01EC-22EC-4A48-A338-825963E3314C}.AppStore|iPhone.Build.0 = Release|x86
		{FB2F01EC-22EC-4A48-A338-825963E3314C}.AppStore|iPhone.Deploy.0 = Release|x86
		{FB2F01EC-22EC-4A48-A338-825963E3314C}.AppStore|iPhoneSimulator.ActiveCfg = Release|x86
		{FB2F01EC-22EC-4A48-A338-825963E3314C}.AppStore|iPhoneSimulator.Build.0 = Release|x86
		{FB2F01EC-22EC-4A48-A338-825963E3314C}.AppStore|iPhoneSimulator.Deploy.0 = Release|x86
		{FB2F01EC-22EC-4A48-A338-825963E3314C}.AppStore|x64.ActiveCfg = Release|x64
		{FB2F01EC-22EC-4A48-A338-825963E3314C}.AppStore|x64.Build.0 = Release|x64
		{FB2F01EC-22EC-4A48-A338-825963E3314C}.AppStore|x64.Deploy.0 = Release|x64
		{FB2F01EC-22EC-4A48-A338-825963E3314C}.AppStore|x86.ActiveCfg = Release|x86
		{FB2F01EC-22EC-4A48-A338-825963E3314C}.AppStore|x86.Build.0 = Release|x86
		{FB2F01EC-22EC-4A48-A338-825963E3314C}.AppStore|x86.Deploy.0 = Release|x86
		{FB2F01EC-22EC-4A48-A338-825963E3314C}.Debug|Any CPU.ActiveCfg = Debug|x86
		{FB2F01EC-22EC-4A48-A338-825963E3314C}.Debug|Any CPU.Build.0 = Debug|x86
		{FB2F01EC-22EC-4A48-A338-825963E3314C}.Debug|Any CPU.Deploy.0 = Debug|x86
		{FB2F01EC-22EC-4A48-A338-825963E3314C}.Debug|ARM.ActiveCfg = Debug|ARM
		{FB2F01EC-22EC-4A48-A338-825963E3314C}.Debug|ARM.Build.0 = Debug|ARM
		{FB2F01EC-22EC-4A48-A338-825963E3314C}.Debug|ARM.Deploy.0 = Debug|ARM
		{FB2F01EC-22EC-4A48-A338-825963E3314C}.Debug|iPhone.ActiveCfg = Debug|x86
		{FB2F01EC-22EC-4A48-A338-825963E3314C}.Debug|iPhoneSimulator.ActiveCfg = Debug|x86
		{FB2F01EC-22EC-4A48-A338-825963E3314C}.Debug|x64.ActiveCfg = Debug|x64
		{FB2F01EC-22EC-4A48-A338-825963E3314C}.Debug|x64.Build.0 = Debug|x64
		{FB2F01EC-22EC-4A48-A338-825963E3314C}.Debug|x64.Deploy.0 = Debug|x64
		{FB2F01EC-22EC-4A48-A338-825963E3314C}.Debug|x86.ActiveCfg = Debug|x86
		{FB2F01EC-22EC-4A48-A338-825963E3314C}.Debug|x86.Build.0 = Debug|x86
		{FB2F01EC-22EC-4A48-A338-825963E3314C}.Debug|x86.Deploy.0 = Debug|x86
		{FB2F01EC-22EC-4A48-A338-825963E3314C}.Release|Any CPU.ActiveCfg = Release|x86
		{FB2F01EC-22EC-4A48-A338-825963E3314C}.Release|ARM.ActiveCfg = Release|ARM
		{FB2F01EC-22EC-4A48-A338-825963E3314C}.Release|ARM.Build.0 = Release|ARM
		{FB2F01EC-22EC-4A48-A338-825963E3314C}.Release|ARM.Deploy.0 = Release|ARM
		{FB2F01EC-22EC-4A48-A338-825963E3314C}.Release|iPhone.ActiveCfg = Release|x86
		{FB2F01EC-22EC-4A48-A338-825963E3314C}.Release|iPhoneSimulator.ActiveCfg = Release|x86
		{FB2F01EC-22EC-4A48-A338-825963E3314C}.Release|x64.ActiveCfg = Release|x64
		{FB2F01EC-22EC-4A48-A338-825963E3314C}.Release|x64.Build.0 = Release|x64
		{FB2F01EC-22EC-4A48-A338-825963E3314C}.Release|x64.Deploy.0 = Release|x64
		{FB2F01EC-22EC-4A48-A338-825963E3314C}.Release|x86.ActiveCfg = Release|x86
		{FB2F01EC-22EC-4A48-A338-825963E3314C}.Release|x86.Build.0 = Release|x86
		{FB2F01EC-22EC-4A48-A338-825963E3314C}.Release|x86.Deploy.0 = Release|x86
		{DFD42058-C766-406C-AD7B-190328DDBFAF}.Ad-Hoc|Any CPU.ActiveCfg = Ad-Hoc|iPhone
		{DFD42058-C766-406C-AD7B-190328DDBFAF}.Ad-Hoc|ARM.ActiveCfg = Ad-Hoc|iPhone
		{DFD42058-C766-406C-AD7B-190328DDBFAF}.Ad-Hoc|iPhone.ActiveCfg = Ad-Hoc|iPhone
		{DFD42058-C766-406C-AD7B-190328DDBFAF}.Ad-Hoc|iPhone.Build.0 = Ad-Hoc|iPhone
		{DFD42058-C766-406C-AD7B-190328DDBFAF}.Ad-Hoc|iPhoneSimulator.ActiveCfg = Ad-Hoc|iPhoneSimulator
		{DFD42058-C766-406C-AD7B-190328DDBFAF}.Ad-Hoc|iPhoneSimulator.Build.0 = Ad-Hoc|iPhoneSimulator
		{DFD42058-C766-406C-AD7B-190328DDBFAF}.Ad-Hoc|x64.ActiveCfg = Ad-Hoc|iPhone
		{DFD42058-C766-406C-AD7B-190328DDBFAF}.Ad-Hoc|x86.ActiveCfg = Ad-Hoc|iPhone
		{DFD42058-C766-406C-AD7B-190328DDBFAF}.AppStore|Any CPU.ActiveCfg = AppStore|iPhone
		{DFD42058-C766-406C-AD7B-190328DDBFAF}.AppStore|ARM.ActiveCfg = AppStore|iPhone
		{DFD42058-C766-406C-AD7B-190328DDBFAF}.AppStore|iPhone.ActiveCfg = AppStore|iPhone
		{DFD42058-C766-406C-AD7B-190328DDBFAF}.AppStore|iPhone.Build.0 = AppStore|iPhone
		{DFD42058-C766-406C-AD7B-190328DDBFAF}.AppStore|iPhoneSimulator.ActiveCfg = AppStore|iPhoneSimulator
		{DFD42058-C766-406C-AD7B-190328DDBFAF}.AppStore|iPhoneSimulator.Build.0 = AppStore|iPhoneSimulator
		{DFD42058-C766-406C-AD7B-190328DDBFAF}.AppStore|x64.ActiveCfg = AppStore|iPhone
		{DFD42058-C766-406C-AD7B-190328DDBFAF}.AppStore|x86.ActiveCfg = AppStore|iPhone
		{DFD42058-C766-406C-AD7B-190328DDBFAF}.Debug|Any CPU.ActiveCfg = Debug|iPhoneSimulator
		{DFD42058-C766-406C-AD7B-190328DDBFAF}.Debug|Any CPU.Build.0 = Debug|iPhoneSimulator
		{DFD42058-C766-406C-AD7B-190328DDBFAF}.Debug|ARM.ActiveCfg = Debug|iPhone
		{DFD42058-C766-406C-AD7B-190328DDBFAF}.Debug|iPhone.ActiveCfg = Debug|iPhone
		{DFD42058-C766-406C-AD7B-190328DDBFAF}.Debug|iPhone.Build.0 = Debug|iPhone
		{DFD42058-C766-406C-AD7B-190328DDBFAF}.Debug|iPhoneSimulator.ActiveCfg = Debug|iPhoneSimulator
		{DFD42058-C766-406C-AD7B-190328DDBFAF}.Debug|iPhoneSimulator.Build.0 = Debug|iPhoneSimulator
		{DFD42058-C766-406C-AD7B-190328DDBFAF}.Debug|x64.ActiveCfg = Debug|iPhone
		{DFD42058-C766-406C-AD7B-190328DDBFAF}.Debug|x86.ActiveCfg = Debug|iPhone
		{DFD42058-C766-406C-AD7B-190328DDBFAF}.Release|Any CPU.ActiveCfg = Release|iPhone
		{DFD42058-C766-406C-AD7B-190328DDBFAF}.Release|ARM.ActiveCfg = Release|iPhone
		{DFD42058-C766-406C-AD7B-190328DDBFAF}.Release|iPhone.ActiveCfg = Release|iPhone
		{DFD42058-C766-406C-AD7B-190328DDBFAF}.Release|iPhone.Build.0 = Release|iPhone
		{DFD42058-C766-406C-AD7B-190328DDBFAF}.Release|iPhoneSimulator.ActiveCfg = Release|iPhoneSimulator
		{DFD42058-C766-406C-AD7B-190328DDBFAF}.Release|iPhoneSimulator.Build.0 = Release|iPhoneSimulator
		{DFD42058-C766-406C-AD7B-190328DDBFAF}.Release|x64.ActiveCfg = Release|iPhone
		{DFD42058-C766-406C-AD7B-190328DDBFAF}.Release|x86.ActiveCfg = Release|iPhone
	EndGlobalSection
	GlobalSection(SolutionProperties) = preSolution
		HideSolutionNode = FALSE
	EndGlobalSection
EndGlobal
